
Microsoft Visual Studio Solution File, Format Version 12.00
# Visual Studio 14
VisualStudioVersion = 14.0.25420.1
MinimumVisualStudioVersion = 10.0.40219.1
Project("{FAE04EC0-301F-11D3-BF4B-00C04F79EFBC}") = "LogBook.Services", "LogBook.Services\LogBook.Services.csproj", "{7C2141D3-2924-439C-AFB4-FEF43F230A80}"
EndProject
Project("{FAE04EC0-301F-11D3-BF4B-00C04F79EFBC}") = "LogBook.Demo", "LogBook.Demo\LogBook.Demo.csproj", "{AE881F9E-8473-410F-9127-4F253EC41DEC}"
EndProject
Project("{FAE04EC0-301F-11D3-BF4B-00C04F79EFBC}") = "LogBook.Entities", "LogBook.Entities\LogBook.Entities.csproj", "{B49FB201-239D-48E4-9FC7-934C95E02EC6}"
EndProject
Project("{FAE04EC0-301F-11D3-BF4B-00C04F79EFBC}") = "LogBook.Services.Tests", "LogBook.Services.Tests\LogBook.Services.Tests.csproj", "{8C7FE259-DE57-4A0D-99A9-295165EDFC29}"
EndProject
Global
	GlobalSection(SolutionConfigurationPlatforms) = preSolution
		Debug|Any CPU = Debug|Any CPU
		Release|Any CPU = Release|Any CPU
	EndGlobalSection
	GlobalSection(ProjectConfigurationPlatforms) = postSolution
		{7C2141D3-2924-439C-AFB4-FEF43F230A80}.Debug|Any CPU.ActiveCfg = Debug|Any CPU
		{7C2141D3-2924-439C-AFB4-FEF43F230A80}.Debug|Any CPU.Build.0 = Debug|Any CPU
		{7C2141D3-2924-439C-AFB4-FEF43F230A80}.Release|Any CPU.ActiveCfg = Release|Any CPU
		{7C2141D3-2924-439C-AFB4-FEF43F230A80}.Release|Any CPU.Build.0 = Release|Any CPU
		{AE881F9E-8473-410F-9127-4F253EC41DEC}.Debug|Any CPU.ActiveCfg = Debug|Any CPU
		{AE881F9E-8473-410F-9127-4F253EC41DEC}.Debug|Any CPU.Build.0 = Debug|Any CPU
		{AE881F9E-8473-410F-9127-4F253EC41DEC}.Release|Any CPU.ActiveCfg = Release|Any CPU
		{AE881F9E-8473-410F-9127-4F253EC41DEC}.Release|Any CPU.Build.0 = Release|Any CPU
		{B49FB201-239D-48E4-9FC7-934C95E02EC6}.Debug|Any CPU.ActiveCfg = Debug|Any CPU
		{B49FB201-239D-48E4-9FC7-934C95E02EC6}.Debug|Any CPU.Build.0 = Debug|Any CPU
		{B49FB201-239D-48E4-9FC7-934C95E02EC6}.Release|Any CPU.ActiveCfg = Release|Any CPU
		{B49FB201-239D-48E4-9FC7-934C95E02EC6}.Release|Any CPU.Build.0 = Release|Any CPU
		{8C7FE259-DE57-4A0D-99A9-295165EDFC29}.Debug|Any CPU.ActiveCfg = Debug|Any CPU
		{8C7FE259-DE57-4A0D-99A9-295165EDFC29}.Debug|Any CPU.Build.0 = Debug|Any CPU
		{8C7FE259-DE57-4A0D-99A9-295165EDFC29}.Release|Any CPU.ActiveCfg = Release|Any CPU
		{8C7FE259-DE57-4A0D-99A9-295165EDFC29}.Release|Any CPU.Build.0 = Release|Any CPU
	EndGlobalSection
	GlobalSection(SolutionProperties) = preSolution
		HideSolutionNode = FALSE
	EndGlobalSection
EndGlobal
